
Microsoft Visual Studio Solution File, Format Version 12.00
# Visual Studio Version 16
VisualStudioVersion = 16.0.31410.357
MinimumVisualStudioVersion = 10.0.40219.1
Project("{2150E333-8FDC-42A3-9474-1A3956D46DE8}") = "01.Clientes", "01.Clientes", "{4A422434-8FA4-4B0D-AD00-BCA32C167901}"
EndProject
Project("{2150E333-8FDC-42A3-9474-1A3956D46DE8}") = "02.Modelos", "02.Modelos", "{F4E7925C-5816-4433-B992-BC93E54C9298}"
EndProject
Project("{9A19103F-16F7-4668-BE54-9A1E7A4F7556}") = "ClienteConsola", "src\ClienteConsola\ClienteConsola.csproj", "{AF159F4D-5ED0-4C59-862F-5FB9C4B0E5E1}"
EndProject
Project("{9A19103F-16F7-4668-BE54-9A1E7A4F7556}") = "Modelos", "src\Modelos\Modelos.csproj", "{2B047ED3-24C6-4A13-BC75-6575888A51D3}"
EndProject
Project("{2150E333-8FDC-42A3-9474-1A3956D46DE8}") = "03.Servicios", "03.Servicios", "{4704A932-2B2D-4AB4-854B-1E6BC69419FC}"
EndProject
Project("{9A19103F-16F7-4668-BE54-9A1E7A4F7556}") = "Servicios", "src\Servicios\Servicios.csproj", "{DC294CE5-AF45-453B-8A64-CD445F83B862}"
EndProject
Project("{2150E333-8FDC-42A3-9474-1A3956D46DE8}") = "06.Comun", "06.Comun", "{CC1A310C-E19F-4625-B6F0-8A439C8F235C}"
EndProject
Project("{9A19103F-16F7-4668-BE54-9A1E7A4F7556}") = "Comun", "src\Comun\Comun.csproj", "{80B3D4FB-4200-44F7-AC21-5A00994138D0}"
EndProject
Project("{2150E333-8FDC-42A3-9474-1A3956D46DE8}") = "05.Repositorio", "05.Repositorio", "{F26FE577-0ED8-4419-A81D-831D5157912A}"
EndProject
Project("{2150E333-8FDC-42A3-9474-1A3956D46DE8}") = "04.UnitOfWork", "04.UnitOfWork", "{AD08AA54-8CC3-4FED-86BB-1B94846B9DA8}"
EndProject
Project("{FAE04EC0-301F-11D3-BF4B-00C04F79EFBC}") = "UnitOfWork.Interfaces", "src\UnitOfWork.Interfaces\UnitOfWork.Interfaces.csproj", "{6B7D8525-9003-45D7-9279-9892C4AE271B}"
EndProject
Project("{FAE04EC0-301F-11D3-BF4B-00C04F79EFBC}") = "UnitOfWork.ServidorSqlServer", "src\UnitOfWork.ServidorSqlServer\UnitOfWork.ServidorSqlServer.csproj", "{DD0965C1-5878-458B-87AA-6051D5839A8A}"
EndProject
Project("{FAE04EC0-301F-11D3-BF4B-00C04F79EFBC}") = "Repositorio.Interfaces", "src\Repositorio.Interfaces\Repositorio.Interfaces.csproj", "{5A1464A7-5B6B-4753-9B5F-FD1DAB6A54A5}"
EndProject
Project("{FAE04EC0-301F-11D3-BF4B-00C04F79EFBC}") = "Repositorio.ServidorSqlServer", "src\Repositorio.ServidorSqlServer\Repositorio.ServidorSqlServer.csproj", "{E76F9586-15FE-4E12-8C27-9D86AB77F62B}"
EndProject
Global
	GlobalSection(SolutionConfigurationPlatforms) = preSolution
		Debug|Any CPU = Debug|Any CPU
		Release|Any CPU = Release|Any CPU
	EndGlobalSection
	GlobalSection(ProjectConfigurationPlatforms) = postSolution
		{AF159F4D-5ED0-4C59-862F-5FB9C4B0E5E1}.Debug|Any CPU.ActiveCfg = Debug|Any CPU
		{AF159F4D-5ED0-4C59-862F-5FB9C4B0E5E1}.Debug|Any CPU.Build.0 = Debug|Any CPU
		{AF159F4D-5ED0-4C59-862F-5FB9C4B0E5E1}.Release|Any CPU.ActiveCfg = Release|Any CPU
		{AF159F4D-5ED0-4C59-862F-5FB9C4B0E5E1}.Release|Any CPU.Build.0 = Release|Any CPU
		{2B047ED3-24C6-4A13-BC75-6575888A51D3}.Debug|Any CPU.ActiveCfg = Debug|Any CPU
		{2B047ED3-24C6-4A13-BC75-6575888A51D3}.Debug|Any CPU.Build.0 = Debug|Any CPU
		{2B047ED3-24C6-4A13-BC75-6575888A51D3}.Release|Any CPU.ActiveCfg = Release|Any CPU
		{2B047ED3-24C6-4A13-BC75-6575888A51D3}.Release|Any CPU.Build.0 = Release|Any CPU
		{DC294CE5-AF45-453B-8A64-CD445F83B862}.Debug|Any CPU.ActiveCfg = Debug|Any CPU
		{DC294CE5-AF45-453B-8A64-CD445F83B862}.Debug|Any CPU.Build.0 = Debug|Any CPU
		{DC294CE5-AF45-453B-8A64-CD445F83B862}.Release|Any CPU.ActiveCfg = Release|Any CPU
		{DC294CE5-AF45-453B-8A64-CD445F83B862}.Release|Any CPU.Build.0 = Release|Any CPU
		{80B3D4FB-4200-44F7-AC21-5A00994138D0}.Debug|Any CPU.ActiveCfg = Debug|Any CPU
		{80B3D4FB-4200-44F7-AC21-5A00994138D0}.Debug|Any CPU.Build.0 = Debug|Any CPU
		{80B3D4FB-4200-44F7-AC21-5A00994138D0}.Release|Any CPU.ActiveCfg = Release|Any CPU
		{80B3D4FB-4200-44F7-AC21-5A00994138D0}.Release|Any CPU.Build.0 = Release|Any CPU
		{6B7D8525-9003-45D7-9279-9892C4AE271B}.Debug|Any CPU.ActiveCfg = Debug|Any CPU
		{6B7D8525-9003-45D7-9279-9892C4AE271B}.Debug|Any CPU.Build.0 = Debug|Any CPU
		{6B7D8525-9003-45D7-9279-9892C4AE271B}.Release|Any CPU.ActiveCfg = Release|Any CPU
		{6B7D8525-9003-45D7-9279-9892C4AE271B}.Release|Any CPU.Build.0 = Release|Any CPU
		{DD0965C1-5878-458B-87AA-6051D5839A8A}.Debug|Any CPU.ActiveCfg = Debug|Any CPU
		{DD0965C1-5878-458B-87AA-6051D5839A8A}.Debug|Any CPU.Build.0 = Debug|Any CPU
		{DD0965C1-5878-458B-87AA-6051D5839A8A}.Release|Any CPU.ActiveCfg = Release|Any CPU
		{DD0965C1-5878-458B-87AA-6051D5839A8A}.Release|Any CPU.Build.0 = Release|Any CPU
		{5A1464A7-5B6B-4753-9B5F-FD1DAB6A54A5}.Debug|Any CPU.ActiveCfg = Debug|Any CPU
		{5A1464A7-5B6B-4753-9B5F-FD1DAB6A54A5}.Debug|Any CPU.Build.0 = Debug|Any CPU
		{5A1464A7-5B6B-4753-9B5F-FD1DAB6A54A5}.Release|Any CPU.ActiveCfg = Release|Any CPU
		{5A1464A7-5B6B-4753-9B5F-FD1DAB6A54A5}.Release|Any CPU.Build.0 = Release|Any CPU
		{E76F9586-15FE-4E12-8C27-9D86AB77F62B}.Debug|Any CPU.ActiveCfg = Debug|Any CPU
		{E76F9586-15FE-4E12-8C27-9D86AB77F62B}.Debug|Any CPU.Build.0 = Debug|Any CPU
		{E76F9586-15FE-4E12-8C27-9D86AB77F62B}.Release|Any CPU.ActiveCfg = Release|Any CPU
		{E76F9586-15FE-4E12-8C27-9D86AB77F62B}.Release|Any CPU.Build.0 = Release|Any CPU
	EndGlobalSection
	GlobalSection(SolutionProperties) = preSolution
		HideSolutionNode = FALSE
	EndGlobalSection
	GlobalSection(NestedProjects) = preSolution
		{AF159F4D-5ED0-4C59-862F-5FB9C4B0E5E1} = {4A422434-8FA4-4B0D-AD00-BCA32C167901}
		{2B047ED3-24C6-4A13-BC75-6575888A51D3} = {F4E7925C-5816-4433-B992-BC93E54C9298}
		{DC294CE5-AF45-453B-8A64-CD445F83B862} = {4704A932-2B2D-4AB4-854B-1E6BC69419FC}
		{80B3D4FB-4200-44F7-AC21-5A00994138D0} = {CC1A310C-E19F-4625-B6F0-8A439C8F235C}
		{6B7D8525-9003-45D7-9279-9892C4AE271B} = {AD08AA54-8CC3-4FED-86BB-1B94846B9DA8}
		{DD0965C1-5878-458B-87AA-6051D5839A8A} = {AD08AA54-8CC3-4FED-86BB-1B94846B9DA8}
		{5A1464A7-5B6B-4753-9B5F-FD1DAB6A54A5} = {F26FE577-0ED8-4419-A81D-831D5157912A}
		{E76F9586-15FE-4E12-8C27-9D86AB77F62B} = {F26FE577-0ED8-4419-A81D-831D5157912A}
	EndGlobalSection
	GlobalSection(ExtensibilityGlobals) = postSolution
		SolutionGuid = {69C4E9B1-CC7A-436A-9E8B-DA391E6D8F1B}
	EndGlobalSection
EndGlobal
